
Microsoft Visual Studio Solution File, Format Version 11.00
# Visual Studio 2010
Project("{8BC9CEB8-8B4A-11D0-8D11-00A0C91BC942}") = "4_FindMaxSubArray", "4_FindMaxSubArray\4_FindMaxSubArray.vcxproj", "{A519EE53-6EC5-44DB-B695-5EC4BFA2BCC8}"
EndProject
Project("{8BC9CEB8-8B4A-11D0-8D11-00A0C91BC942}") = "6_HeapSort", "6_HeapSort\6_HeapSort.vcxproj", "{8163F082-3759-4FA2-9132-65E1D7303A64}"
EndProject
Project("{8BC9CEB8-8B4A-11D0-8D11-00A0C91BC942}") = "7_QuickSort", "7_QuickSort\7_QuickSort.vcxproj", "{74A51371-F01A-4241-9397-98B8702FE142}"
EndProject
Global
	GlobalSection(SolutionConfigurationPlatforms) = preSolution
		Debug|Win32 = Debug|Win32
		Release|Win32 = Release|Win32
	EndGlobalSection
	GlobalSection(ProjectConfigurationPlatforms) = postSolution
		{A519EE53-6EC5-44DB-B695-5EC4BFA2BCC8}.Debug|Win32.ActiveCfg = Debug|Win32
		{A519EE53-6EC5-44DB-B695-5EC4BFA2BCC8}.Debug|Win32.Build.0 = Debug|Win32
		{A519EE53-6EC5-44DB-B695-5EC4BFA2BCC8}.Release|Win32.ActiveCfg = Release|Win32
		{A519EE53-6EC5-44DB-B695-5EC4BFA2BCC8}.Release|Win32.Build.0 = Release|Win32
		{8163F082-3759-4FA2-9132-65E1D7303A64}.Debug|Win32.ActiveCfg = Debug|Win32
		{8163F082-3759-4FA2-9132-65E1D7303A64}.Debug|Win32.Build.0 = Debug|Win32
		{8163F082-3759-4FA2-9132-65E1D7303A64}.Release|Win32.ActiveCfg = Release|Win32
		{8163F082-3759-4FA2-9132-65E1D7303A64}.Release|Win32.Build.0 = Release|Win32
		{74A51371-F01A-4241-9397-98B8702FE142}.Debug|Win32.ActiveCfg = Debug|Win32
		{74A51371-F01A-4241-9397-98B8702FE142}.Debug|Win32.Build.0 = Debug|Win32
		{74A51371-F01A-4241-9397-98B8702FE142}.Release|Win32.ActiveCfg = Release|Win32
		{74A51371-F01A-4241-9397-98B8702FE142}.Release|Win32.Build.0 = Release|Win32
	EndGlobalSection
	GlobalSection(SolutionProperties) = preSolution
		HideSolutionNode = FALSE
	EndGlobalSection
EndGlobal
